# This file is automatically @generated by Cargo.
# It is not intended for manual editing.
version = 4

[[package]]
name = "bytemuck"
version = "1.21.0"
source = "registry+https://github.com/rust-lang/crates.io-index"
checksum = "ef657dfab802224e671f5818e9a4935f9b1957ed18e58292690cc39e7a4092a3"

[[package]]
name = "derive"
version = "0.1.0"

[[package]]
name = "fast_queries"
version = "0.1.0"
dependencies = [
 "derive",
 "hi_sparse_bitset",
]

[[package]]
name = "hi_sparse_bitset"
version = "0.6.1"
source = "registry+https://github.com/rust-lang/crates.io-index"
checksum = "709114d57f22afabb2997db366100144368393d120994ce97b234b339ba9b01f"
dependencies = [
 "wide",
]

[[package]]
name = "safe_arch"
version = "0.7.4"
source = "registry+https://github.com/rust-lang/crates.io-index"
checksum = "96b02de82ddbe1b636e6170c21be622223aea188ef2e139be0a5b219ec215323"
dependencies = [
 "bytemuck",
]

[[package]]
name = "wide"
version = "0.7.30"
source = "registry+https://github.com/rust-lang/crates.io-index"
checksum = "58e6db2670d2be78525979e9a5f9c69d296fd7d670549fe9ebf70f8708cb5019"
dependencies = [
 "bytemuck",
 "safe_arch",
]
